// !$*UTF8*$!
{
	archiveVersion = 1;
	classes = {
	};
	objectVersion = 77;
	objects = {

/* Begin PBXBuildFile section */
		9F08A95A2DEEE5C900D5EFEC /* MarkdownUI in Frameworks */ = {isa = PBXBuildFile; productRef = 9F08A9592DEEE5C900D5EFEC /* MarkdownUI */; };
		9F0A33252DF9C548000A83B2 /* Toasts in Frameworks */ = {isa = PBXBuildFile; productRef = 9F0A33242DF9C548000A83B2 /* Toasts */; };
		9F63C8F12D49FB04001C2645 /* SQLite in Frameworks */ = {isa = PBXBuildFile; productRef = 9F63C8F02D49FB04001C2645 /* SQLite */; };
		9F63C9F32D4B61EB001C2645 /* MarkdownUI in Frameworks */ = {isa = PBXBuildFile; productRef = 9F63C9F22D4B61EB001C2645 /* MarkdownUI */; };
		9F63CA502D4B7A46001C2645 /* MarkdownUI in Frameworks */ = {isa = PBXBuildFile; productRef = 9F63CA4F2D4B7A46001C2645 /* MarkdownUI */; };
		9F775B862D4C642000FA1FA6 /* SQLite in Frameworks */ = {isa = PBXBuildFile; productRef = 9F775B852D4C642000FA1FA6 /* SQLite */; };
		9F9DB9332DFA573A005A6CE5 /* MarkdownUI in Frameworks */ = {isa = PBXBuildFile; productRef = 9F9DB9322DFA573A005A6CE5 /* MarkdownUI */; };
/* End PBXBuildFile section */

/* Begin PBXFileReference section */
		9F0A32F62DF9BB98000A83B2 /* myollama.app */ = {isa = PBXFileReference; explicitFileType = wrapper.application; includeInIndex = 0; path = myollama.app; sourceTree = BUILT_PRODUCTS_DIR; };
		9F63C8C32D49F5C6001C2645 /* LocalLLM.app */ = {isa = PBXFileReference; explicitFileType = wrapper.application; includeInIndex = 0; path = LocalLLM.app; sourceTree = BUILT_PRODUCTS_DIR; };
/* End PBXFileReference section */

/* Begin PBXFileSystemSynchronizedBuildFileExceptionSet section */
		9F0A331E2DF9BE0D000A83B2 /* Exceptions for "macollama" folder in "myollama" target */ = {
			isa = PBXFileSystemSynchronizedBuildFileExceptionSet;
			membershipExceptions = (
				"/Localized: InfoPlist.strings",
				"/Localized: Localizable.strings",
				Models/ChatMessage.swift,
				Models/LLMProvider.swift,
				Services/Network/LLMService.swift,
				Services/Network/swift_llm_bridge.swift,
				Services/Persistence/DatabaseManager.swift,
				Services/Persistence/Localized.swift,
				ViewModels/ChatViewModel.swift,
				ViewModels/SidebarViewModel.swift,
			);
			target = 9F0A32F52DF9BB98000A83B2 /* myollama */;
		};
		9F63C9072D4A08EB001C2645 /* Exceptions for "macollama" folder in "macollama" target */ = {
			isa = PBXFileSystemSynchronizedBuildFileExceptionSet;
			membershipExceptions = (
				Info.plist,
			);
			target = 9F63C8C22D49F5C6001C2645 /* macollama */;
		};
		9F9DB9462DFA686D005A6CE5 /* Exceptions for "myollama" folder in "myollama" target */ = {
			isa = PBXFileSystemSynchronizedBuildFileExceptionSet;
			membershipExceptions = (
				Info.plist,
			);
			target = 9F0A32F52DF9BB98000A83B2 /* myollama */;
		};
/* End PBXFileSystemSynchronizedBuildFileExceptionSet section */

/* Begin PBXFileSystemSynchronizedRootGroup section */
		9F0A32F72DF9BB98000A83B2 /* myollama */ = {
			isa = PBXFileSystemSynchronizedRootGroup;
			exceptions = (
				9F9DB9462DFA686D005A6CE5 /* Exceptions for "myollama" folder in "myollama" target */,
			);
			path = myollama;
			sourceTree = "<group>";
		};
		9F63C8C52D49F5C6001C2645 /* macollama */ = {
			isa = PBXFileSystemSynchronizedRootGroup;
			exceptions = (
				9F63C9072D4A08EB001C2645 /* Exceptions for "macollama" folder in "macollama" target */,
				9F0A331E2DF9BE0D000A83B2 /* Exceptions for "macollama" folder in "myollama" target */,
			);
			path = macollama;
			sourceTree = "<group>";
		};
/* End PBXFileSystemSynchronizedRootGroup section */

/* Begin PBXFrameworksBuildPhase section */
		9F0A32F32DF9BB98000A83B2 /* Frameworks */ = {
			isa = PBXFrameworksBuildPhase;
			buildActionMask = 2147483647;
			files = (
				9F0A33252DF9C548000A83B2 /* Toasts in Frameworks */,
				9F9DB9332DFA573A005A6CE5 /* MarkdownUI in Frameworks */,
			);
			runOnlyForDeploymentPostprocessing = 0;
		};
		9F63C8C02D49F5C6001C2645 /* Frameworks */ = {
			isa = PBXFrameworksBuildPhase;
			buildActionMask = 2147483647;
			files = (
				9F775B862D4C642000FA1FA6 /* SQLite in Frameworks */,
				9F63CA502D4B7A46001C2645 /* MarkdownUI in Frameworks */,
				9F63C8F12D49FB04001C2645 /* SQLite in Frameworks */,
				9F63C9F32D4B61EB001C2645 /* MarkdownUI in Frameworks */,
				9F08A95A2DEEE5C900D5EFEC /* MarkdownUI in Frameworks */,
			);
			runOnlyForDeploymentPostprocessing = 0;
		};
/* End PBXFrameworksBuildPhase section */

/* Begin PBXGroup section */
		9F0A33232DF9C548000A83B2 /* Frameworks */ = {
			isa = PBXGroup;
			children = (
			);
			name = Frameworks;
			sourceTree = "<group>";
		};
		9F63C8BA2D49F5C6001C2645 = {
			isa = PBXGroup;
			children = (
				9F63C8C52D49F5C6001C2645 /* macollama */,
				9F0A32F72DF9BB98000A83B2 /* myollama */,
				9F0A33232DF9C548000A83B2 /* Frameworks */,
				9F63C8C42D49F5C6001C2645 /* Products */,
			);
			sourceTree = "<group>";
		};
		9F63C8C42D49F5C6001C2645 /* Products */ = {
			isa = PBXGroup;
			children = (
				9F63C8C32D49F5C6001C2645 /* LocalLLM.app */,
				9F0A32F62DF9BB98000A83B2 /* myollama.app */,
			);
			name = Products;
			sourceTree = "<group>";
		};
/* End PBXGroup section */

/* Begin PBXNativeTarget section */
		9F0A32F52DF9BB98000A83B2 /* myollama */ = {
			isa = PBXNativeTarget;
			buildConfigurationList = 9F0A331A2DF9BB99000A83B2 /* Build configuration list for PBXNativeTarget "myollama" */;
			buildPhases = (
				9F0A32F22DF9BB98000A83B2 /* Sources */,
				9F0A32F32DF9BB98000A83B2 /* Frameworks */,
				9F0A32F42DF9BB98000A83B2 /* Resources */,
			);
			buildRules = (
			);
			dependencies = (
			);
			fileSystemSynchronizedGroups = (
				9F0A32F72DF9BB98000A83B2 /* myollama */,
			);
			name = myollama;
			packageProductDependencies = (
				9F0A33242DF9C548000A83B2 /* Toasts */,
				9F9DB9322DFA573A005A6CE5 /* MarkdownUI */,
			);
			productName = myollama;
			productReference = 9F0A32F62DF9BB98000A83B2 /* myollama.app */;
			productType = "com.apple.product-type.application";
		};
		9F63C8C22D49F5C6001C2645 /* macollama */ = {
			isa = PBXNativeTarget;
			buildConfigurationList = 9F63C8D22D49F5C7001C2645 /* Build configuration list for PBXNativeTarget "macollama" */;
			buildPhases = (
				9F63C8BF2D49F5C6001C2645 /* Sources */,
				9F63C8C02D49F5C6001C2645 /* Frameworks */,
				9F63C8C12D49F5C6001C2645 /* Resources */,
			);
			buildRules = (
			);
			dependencies = (
			);
			fileSystemSynchronizedGroups = (
				9F63C8C52D49F5C6001C2645 /* macollama */,
			);
			name = macollama;
			productName = macollama;
			productReference = 9F63C8C32D49F5C6001C2645 /* LocalLLM.app */;
			productType = "com.apple.product-type.application";
		};
/* End PBXNativeTarget section */

/* Begin PBXProject section */
		9F63C8BB2D49F5C6001C2645 /* Project object */ = {
			isa = PBXProject;
			attributes = {
				BuildIndependentTargetsInParallel = 1;
				LastSwiftUpdateCheck = 1640;
				LastUpgradeCheck = 2600;
				TargetAttributes = {
					9F0A32F52DF9BB98000A83B2 = {
						CreatedOnToolsVersion = 16.4;
					};
					9F63C8C22D49F5C6001C2645 = {
						CreatedOnToolsVersion = 16.1;
					};
				};
			};
			buildConfigurationList = 9F63C8BE2D49F5C6001C2645 /* Build configuration list for PBXProject "macollama" */;
			developmentRegion = en;
			hasScannedForEncodings = 0;
			knownRegions = (
				en,
				Base,
				ko,
				ja,
				"zh-Hans",
			);
			mainGroup = 9F63C8BA2D49F5C6001C2645;
			minimizedProjectReferenceProxies = 1;
			packageReferences = (
				9F775B842D4C642000FA1FA6 /* XCRemoteSwiftPackageReference "SQLite.swift" */,
				9F08A9582DEEE5C900D5EFEC /* XCRemoteSwiftPackageReference "swift-markdown-ui" */,
				9F0A33222DF9C4CB000A83B2 /* XCRemoteSwiftPackageReference "swiftui-toasts" */,
			);
			preferredProjectObjectVersion = 77;
			productRefGroup = 9F63C8C42D49F5C6001C2645 /* Products */;
			projectDirPath = "";
			projectRoot = "";
			targets = (
				9F63C8C22D49F5C6001C2645 /* macollama */,
				9F0A32F52DF9BB98000A83B2 /* myollama */,
			);
		};
/* End PBXProject section */

/* Begin PBXResourcesBuildPhase section */
		9F0A32F42DF9BB98000A83B2 /* Resources */ = {
			isa = PBXResourcesBuildPhase;
			buildActionMask = 2147483647;
			files = (
			);
			runOnlyForDeploymentPostprocessing = 0;
		};
		9F63C8C12D49F5C6001C2645 /* Resources */ = {
			isa = PBXResourcesBuildPhase;
			buildActionMask = 2147483647;
			files = (
			);
			runOnlyForDeploymentPostprocessing = 0;
		};
/* End PBXResourcesBuildPhase section */

/* Begin PBXSourcesBuildPhase section */
		9F0A32F22DF9BB98000A83B2 /* Sources */ = {
			isa = PBXSourcesBuildPhase;
			buildActionMask = 2147483647;
			files = (
			);
			runOnlyForDeploymentPostprocessing = 0;
		};
		9F63C8BF2D49F5C6001C2645 /* Sources */ = {
			isa = PBXSourcesBuildPhase;
			buildActionMask = 2147483647;
			files = (
			);
			runOnlyForDeploymentPostprocessing = 0;
		};
/* End PBXSourcesBuildPhase section */

/* Begin XCBuildConfiguration section */
		9F0A33142DF9BB99000A83B2 /* Debug */ = {
			isa = XCBuildConfiguration;
			buildSettings = {
				ASSETCATALOG_COMPILER_APPICON_NAME = AppIcon;
				ASSETCATALOG_COMPILER_GLOBAL_ACCENT_COLOR_NAME = AccentColor;
				CODE_SIGN_STYLE = Automatic;
				CURRENT_PROJECT_VERSION = 50813;
				DEVELOPMENT_TEAM = "";
				ENABLE_PREVIEWS = YES;
				GENERATE_INFOPLIST_FILE = YES;
				INFOPLIST_FILE = myollama/Info.plist;
				INFOPLIST_KEY_CFBundleDisplayName = "LLM-Bridge";
				INFOPLIST_KEY_NSCameraUsageDescription = "Use camera for measurement";
				INFOPLIST_KEY_NSPhotoLibraryUsageDescription = "Need access to select photos and send them with your message.";
				INFOPLIST_KEY_UIApplicationSceneManifest_Generation = YES;
				INFOPLIST_KEY_UIApplicationSupportsIndirectInputEvents = YES;
				INFOPLIST_KEY_UILaunchScreen_Generation = YES;
				INFOPLIST_KEY_UISupportedInterfaceOrientations = UIInterfaceOrientationPortrait;
				INFOPLIST_KEY_UISupportedInterfaceOrientations_iPad = "UIInterfaceOrientationLandscapeLeft UIInterfaceOrientationLandscapeRight UIInterfaceOrientationPortrait UIInterfaceOrientationPortraitUpsideDown";
				IPHONEOS_DEPLOYMENT_TARGET = 16.6;
				LD_RUNPATH_SEARCH_PATHS = (
					"$(inherited)",
					"@executable_path/Frameworks",
				);
				MARKETING_VERSION = 2.2.1;
				PRODUCT_BUNDLE_IDENTIFIER = com.rtlink.myollama;
				PRODUCT_NAME = "$(TARGET_NAME)";
				SDKROOT = iphoneos;
				SUPPORTED_PLATFORMS = "iphoneos iphonesimulator";
				SUPPORTS_MACCATALYST = NO;
				SUPPORTS_MAC_DESIGNED_FOR_IPHONE_IPAD = NO;
				SUPPORTS_XR_DESIGNED_FOR_IPHONE_IPAD = NO;
				SWIFT_EMIT_LOC_STRINGS = YES;
				SWIFT_VERSION = 5.0;
				TARGETED_DEVICE_FAMILY = "1,2";
			};
			name = Debug;
		};
		9F0A33152DF9BB99000A83B2 /* Release */ = {
			isa = XCBuildConfiguration;
			buildSettings = {
				ASSETCATALOG_COMPILER_APPICON_NAME = AppIcon;
				ASSETCATALOG_COMPILER_GLOBAL_ACCENT_COLOR_NAME = AccentColor;
				CODE_SIGN_STYLE = Automatic;
				CURRENT_PROJECT_VERSION = 50813;
				DEVELOPMENT_TEAM = "";
				ENABLE_PREVIEWS = YES;
				GENERATE_INFOPLIST_FILE = YES;
				INFOPLIST_FILE = myollama/Info.plist;
				INFOPLIST_KEY_CFBundleDisplayName = "LLM-Bridge";
				INFOPLIST_KEY_NSCameraUsageDescription = "Use camera for measurement";
				INFOPLIST_KEY_NSPhotoLibraryUsageDescription = "Need access to select photos and send them with your message.";
				INFOPLIST_KEY_UIApplicationSceneManifest_Generation = YES;
				INFOPLIST_KEY_UIApplicationSupportsIndirectInputEvents = YES;
				INFOPLIST_KEY_UILaunchScreen_Generation = YES;
				INFOPLIST_KEY_UISupportedInterfaceOrientations = UIInterfaceOrientationPortrait;
				INFOPLIST_KEY_UISupportedInterfaceOrientations_iPad = "UIInterfaceOrientationLandscapeLeft UIInterfaceOrientationLandscapeRight UIInterfaceOrientationPortrait UIInterfaceOrientationPortraitUpsideDown";
				IPHONEOS_DEPLOYMENT_TARGET = 16.6;
				LD_RUNPATH_SEARCH_PATHS = (
					"$(inherited)",
					"@executable_path/Frameworks",
				);
				MARKETING_VERSION = 2.2.1;
				PRODUCT_BUNDLE_IDENTIFIER = com.rtlink.myollama;
				PRODUCT_NAME = "$(TARGET_NAME)";
				SDKROOT = iphoneos;
				SUPPORTED_PLATFORMS = "iphoneos iphonesimulator";
				SUPPORTS_MACCATALYST = NO;
				SUPPORTS_MAC_DESIGNED_FOR_IPHONE_IPAD = NO;
				SUPPORTS_XR_DESIGNED_FOR_IPHONE_IPAD = NO;
				SWIFT_EMIT_LOC_STRINGS = YES;
				SWIFT_VERSION = 5.0;
				TARGETED_DEVICE_FAMILY = "1,2";
				VALIDATE_PRODUCT = YES;
			};
			name = Release;
		};
		9F63C8D02D49F5C7001C2645 /* Debug */ = {
			isa = XCBuildConfiguration;
			buildSettings = {
				ALWAYS_SEARCH_USER_PATHS = NO;
				ASSETCATALOG_COMPILER_GENERATE_SWIFT_ASSET_SYMBOL_EXTENSIONS = YES;
				CLANG_ANALYZER_LOCALIZABILITY_NONLOCALIZED = YES;
				CLANG_ANALYZER_NONNULL = YES;
				CLANG_ANALYZER_NUMBER_OBJECT_CONVERSION = YES_AGGRESSIVE;
				CLANG_CXX_LANGUAGE_STANDARD = "gnu++20";
				CLANG_ENABLE_MODULES = YES;
				CLANG_ENABLE_OBJC_ARC = YES;
				CLANG_ENABLE_OBJC_WEAK = YES;
				CLANG_WARN_BLOCK_CAPTURE_AUTORELEASING = YES;
				CLANG_WARN_BOOL_CONVERSION = YES;
				CLANG_WARN_COMMA = YES;
				CLANG_WARN_CONSTANT_CONVERSION = YES;
				CLANG_WARN_DEPRECATED_OBJC_IMPLEMENTATIONS = YES;
				CLANG_WARN_DIRECT_OBJC_ISA_USAGE = YES_ERROR;
				CLANG_WARN_DOCUMENTATION_COMMENTS = YES;
				CLANG_WARN_EMPTY_BODY = YES;
				CLANG_WARN_ENUM_CONVERSION = YES;
				CLANG_WARN_INFINITE_RECURSION = YES;
				CLANG_WARN_INT_CONVERSION = YES;
				CLANG_WARN_NON_LITERAL_NULL_CONVERSION = YES;
				CLANG_WARN_OBJC_IMPLICIT_RETAIN_SELF = YES;
				CLANG_WARN_OBJC_LITERAL_CONVERSION = YES;
				CLANG_WARN_OBJC_ROOT_CLASS = YES_ERROR;
				CLANG_WARN_QUOTED_INCLUDE_IN_FRAMEWORK_HEADER = YES;
				CLANG_WARN_RANGE_LOOP_ANALYSIS = YES;
				CLANG_WARN_STRICT_PROTOTYPES = YES;
				CLANG_WARN_SUSPICIOUS_MOVE = YES;
				CLANG_WARN_UNGUARDED_AVAILABILITY = YES_AGGRESSIVE;
				CLANG_WARN_UNREACHABLE_CODE = YES;
				CLANG_WARN__DUPLICATE_METHOD_MATCH = YES;
				COPY_PHASE_STRIP = NO;
				DEAD_CODE_STRIPPING = YES;
				DEBUG_INFORMATION_FORMAT = dwarf;
				ENABLE_STRICT_OBJC_MSGSEND = YES;
				ENABLE_TESTABILITY = YES;
				ENABLE_USER_SCRIPT_SANDBOXING = YES;
				GCC_C_LANGUAGE_STANDARD = gnu17;
				GCC_DYNAMIC_NO_PIC = NO;
				GCC_NO_COMMON_BLOCKS = YES;
				GCC_OPTIMIZATION_LEVEL = 0;
				GCC_PREPROCESSOR_DEFINITIONS = (
					"DEBUG=1",
					"$(inherited)",
				);
				GCC_WARN_64_TO_32_BIT_CONVERSION = YES;
				GCC_WARN_ABOUT_RETURN_TYPE = YES_ERROR;
				GCC_WARN_UNDECLARED_SELECTOR = YES;
				GCC_WARN_UNINITIALIZED_AUTOS = YES_AGGRESSIVE;
				GCC_WARN_UNUSED_FUNCTION = YES;
				GCC_WARN_UNUSED_VARIABLE = YES;
				LOCALIZATION_PREFERS_STRING_CATALOGS = YES;
				MACOSX_DEPLOYMENT_TARGET = 15.1;
				MTL_ENABLE_DEBUG_INFO = INCLUDE_SOURCE;
				MTL_FAST_MATH = YES;
				ONLY_ACTIVE_ARCH = YES;
				SDKROOT = macosx;
				STRING_CATALOG_GENERATE_SYMBOLS = YES;
				SWIFT_ACTIVE_COMPILATION_CONDITIONS = "DEBUG $(inherited)";
				SWIFT_OPTIMIZATION_LEVEL = "-Onone";
			};
			name = Debug;
		};
		9F63C8D12D49F5C7001C2645 /* Release */ = {
			isa = XCBuildConfiguration;
			buildSettings = {
				ALWAYS_SEARCH_USER_PATHS = NO;
				ASSETCATALOG_COMPILER_GENERATE_SWIFT_ASSET_SYMBOL_EXTENSIONS = YES;
				CLANG_ANALYZER_LOCALIZABILITY_NONLOCALIZED = YES;
				CLANG_ANALYZER_NONNULL = YES;
				CLANG_ANALYZER_NUMBER_OBJECT_CONVERSION = YES_AGGRESSIVE;
				CLANG_CXX_LANGUAGE_STANDARD = "gnu++20";
				CLANG_ENABLE_MODULES = YES;
				CLANG_ENABLE_OBJC_ARC = YES;
				CLANG_ENABLE_OBJC_WEAK = YES;
				CLANG_WARN_BLOCK_CAPTURE_AUTORELEASING = YES;
				CLANG_WARN_BOOL_CONVERSION = YES;
				CLANG_WARN_COMMA = YES;
				CLANG_WARN_CONSTANT_CONVERSION = YES;
				CLANG_WARN_DEPRECATED_OBJC_IMPLEMENTATIONS = YES;
				CLANG_WARN_DIRECT_OBJC_ISA_USAGE = YES_ERROR;
				CLANG_WARN_DOCUMENTATION_COMMENTS = YES;
				CLANG_WARN_EMPTY_BODY = YES;
				CLANG_WARN_ENUM_CONVERSION = YES;
				CLANG_WARN_INFINITE_RECURSION = YES;
				CLANG_WARN_INT_CONVERSION = YES;
				CLANG_WARN_NON_LITERAL_NULL_CONVERSION = YES;
				CLANG_WARN_OBJC_IMPLICIT_RETAIN_SELF = YES;
				CLANG_WARN_OBJC_LITERAL_CONVERSION = YES;
				CLANG_WARN_OBJC_ROOT_CLASS = YES_ERROR;
				CLANG_WARN_QUOTED_INCLUDE_IN_FRAMEWORK_HEADER = YES;
				CLANG_WARN_RANGE_LOOP_ANALYSIS = YES;
				CLANG_WARN_STRICT_PROTOTYPES = YES;
				CLANG_WARN_SUSPICIOUS_MOVE = YES;
				CLANG_WARN_UNGUARDED_AVAILABILITY = YES_AGGRESSIVE;
				CLANG_WARN_UNREACHABLE_CODE = YES;
				CLANG_WARN__DUPLICATE_METHOD_MATCH = YES;
				COPY_PHASE_STRIP = NO;
				DEAD_CODE_STRIPPING = YES;
				DEBUG_INFORMATION_FORMAT = "dwarf-with-dsym";
				ENABLE_NS_ASSERTIONS = NO;
				ENABLE_STRICT_OBJC_MSGSEND = YES;
				ENABLE_USER_SCRIPT_SANDBOXING = YES;
				GCC_C_LANGUAGE_STANDARD = gnu17;
				GCC_NO_COMMON_BLOCKS = YES;
				GCC_WARN_64_TO_32_BIT_CONVERSION = YES;
				GCC_WARN_ABOUT_RETURN_TYPE = YES_ERROR;
				GCC_WARN_UNDECLARED_SELECTOR = YES;
				GCC_WARN_UNINITIALIZED_AUTOS = YES_AGGRESSIVE;
				GCC_WARN_UNUSED_FUNCTION = YES;
				GCC_WARN_UNUSED_VARIABLE = YES;
				LOCALIZATION_PREFERS_STRING_CATALOGS = YES;
				MACOSX_DEPLOYMENT_TARGET = 15.1;
				MTL_ENABLE_DEBUG_INFO = NO;
				MTL_FAST_MATH = YES;
				SDKROOT = macosx;
				STRING_CATALOG_GENERATE_SYMBOLS = YES;
				SWIFT_COMPILATION_MODE = wholemodule;
			};
			name = Release;
		};
		9F63C8D32D49F5C7001C2645 /* Debug */ = {
			isa = XCBuildConfiguration;
			buildSettings = {
				ASSETCATALOG_COMPILER_APPICON_NAME = AppIcon;
				ASSETCATALOG_COMPILER_GLOBAL_ACCENT_COLOR_NAME = AccentColor;
				CODE_SIGN_ENTITLEMENTS = macollama/macollama.entitlements;
				"CODE_SIGN_IDENTITY[sdk=macosx*]" = "-";
				CODE_SIGN_STYLE = Automatic;
				COMBINE_HIDPI_IMAGES = YES;
				CURRENT_PROJECT_VERSION = 50813;
				DEAD_CODE_STRIPPING = YES;
				DEVELOPMENT_ASSET_PATHS = "\"macollama/Preview Content\"";
				DEVELOPMENT_TEAM = P69YVRNMMC;
				ENABLE_APP_SANDBOX = YES;
				ENABLE_HARDENED_RUNTIME = YES;
				ENABLE_OUTGOING_NETWORK_CONNECTIONS = YES;
				ENABLE_PREVIEWS = YES;
				ENABLE_USER_SELECTED_FILES = readwrite;
				GENERATE_INFOPLIST_FILE = YES;
				INFOPLIST_FILE = macollama/Info.plist;
				INFOPLIST_KEY_CFBundleDisplayName = "LLM-Bridge";
				INFOPLIST_KEY_LSApplicationCategoryType = "public.app-category.utilities";
				INFOPLIST_KEY_NSHumanReadableCopyright = "";
				LD_RUNPATH_SEARCH_PATHS = (
					"$(inherited)",
					"@executable_path/../Frameworks",
				);
				MACOSX_DEPLOYMENT_TARGET = 26.0;
				MARKETING_VERSION = 1.2.1;
				PRODUCT_BUNDLE_IDENTIFIER = com.rtlink.macollama;
				PRODUCT_MODULE_NAME = macollama;
				PRODUCT_NAME = LocalLLM;
				SWIFT_EMIT_LOC_STRINGS = YES;
				SWIFT_VERSION = 5.0;
			};
			name = Debug;
		};
		9F63C8D42D49F5C7001C2645 /* Release */ = {
			isa = XCBuildConfiguration;
			buildSettings = {
				ASSETCATALOG_COMPILER_APPICON_NAME = AppIcon;
				ASSETCATALOG_COMPILER_GLOBAL_ACCENT_COLOR_NAME = AccentColor;
				CODE_SIGN_ENTITLEMENTS = macollama/macollama.entitlements;
				"CODE_SIGN_IDENTITY[sdk=macosx*]" = "-";
				CODE_SIGN_STYLE = Automatic;
				COMBINE_HIDPI_IMAGES = YES;
				CURRENT_PROJECT_VERSION = 50813;
				DEAD_CODE_STRIPPING = YES;
				DEVELOPMENT_ASSET_PATHS = "\"macollama/Preview Content\"";
				DEVELOPMENT_TEAM = P69YVRNMMC;
				ENABLE_APP_SANDBOX = YES;
				ENABLE_HARDENED_RUNTIME = YES;
				ENABLE_OUTGOING_NETWORK_CONNECTIONS = YES;
				ENABLE_PREVIEWS = YES;
				ENABLE_USER_SELECTED_FILES = readwrite;
				GENERATE_INFOPLIST_FILE = YES;
				INFOPLIST_FILE = macollama/Info.plist;
				INFOPLIST_KEY_CFBundleDisplayName = "LLM-Bridge";
				INFOPLIST_KEY_LSApplicationCategoryType = "public.app-category.utilities";
				INFOPLIST_KEY_NSHumanReadableCopyright = "";
				LD_RUNPATH_SEARCH_PATHS = (
					"$(inherited)",
					"@executable_path/../Frameworks",
				);
				MACOSX_DEPLOYMENT_TARGET = 26.0;
				MARKETING_VERSION = 1.2.1;
				PRODUCT_BUNDLE_IDENTIFIER = com.rtlink.macollama;
				PRODUCT_MODULE_NAME = macollama;
				PRODUCT_NAME = LocalLLM;
				SWIFT_EMIT_LOC_STRINGS = YES;
				SWIFT_VERSION = 5.0;
			};
			name = Release;
		};
/* End XCBuildConfiguration section */

/* Begin XCConfigurationList section */
		9F0A331A2DF9BB99000A83B2 /* Build configuration list for PBXNativeTarget "myollama" */ = {
			isa = XCConfigurationList;
			buildConfigurations = (
				9F0A33142DF9BB99000A83B2 /* Debug */,
				9F0A33152DF9BB99000A83B2 /* Release */,
			);
			defaultConfigurationIsVisible = 0;
			defaultConfigurationName = Release;
		};
		9F63C8BE2D49F5C6001C2645 /* Build configuration list for PBXProject "macollama" */ = {
			isa = XCConfigurationList;
			buildConfigurations = (
				9F63C8D02D49F5C7001C2645 /* Debug */,
				9F63C8D12D49F5C7001C2645 /* Release */,
			);
			defaultConfigurationIsVisible = 0;
			defaultConfigurationName = Release;
		};
		9F63C8D22D49F5C7001C2645 /* Build configuration list for PBXNativeTarget "macollama" */ = {
			isa = XCConfigurationList;
			buildConfigurations = (
				9F63C8D32D49F5C7001C2645 /* Debug */,
				9F63C8D42D49F5C7001C2645 /* Release */,
			);
			defaultConfigurationIsVisible = 0;
			defaultConfigurationName = Release;
		};
/* End XCConfigurationList section */

/* Begin XCRemoteSwiftPackageReference section */
		9F08A9582DEEE5C900D5EFEC /* XCRemoteSwiftPackageReference "swift-markdown-ui" */ = {
			isa = XCRemoteSwiftPackageReference;
			repositoryURL = "https://github.com/gonzalezreal/swift-markdown-ui";
			requirement = {
				kind = upToNextMajorVersion;
				minimumVersion = 2.4.1;
			};
		};
		9F0A33222DF9C4CB000A83B2 /* XCRemoteSwiftPackageReference "swiftui-toasts" */ = {
			isa = XCRemoteSwiftPackageReference;
			repositoryURL = "https://github.com/sunghyun-k/swiftui-toasts";
			requirement = {
				kind = upToNextMajorVersion;
				minimumVersion = 1.0.2;
			};
		};
		9F63C8EF2D49FB04001C2645 /* XCRemoteSwiftPackageReference "SQLite.swift" */ = {
			isa = XCRemoteSwiftPackageReference;
			repositoryURL = "https://github.com/stephencelis/SQLite.swift.git";
			requirement = {
				kind = upToNextMajorVersion;
				minimumVersion = 0.15.3;
			};
		};
		9F63C9F12D4B61EB001C2645 /* XCRemoteSwiftPackageReference "MarkdownUI" */ = {
			isa = XCRemoteSwiftPackageReference;
			repositoryURL = "https://github.com/gonzalezreal/MarkdownUI";
			requirement = {
				kind = upToNextMajorVersion;
				minimumVersion = 2.4.1;
			};
		};
		9F63CA4E2D4B7A46001C2645 /* XCRemoteSwiftPackageReference "swift-markdown-ui" */ = {
			isa = XCRemoteSwiftPackageReference;
			repositoryURL = "https://github.com/gonzalezreal/swift-markdown-ui";
			requirement = {
				kind = upToNextMajorVersion;
				minimumVersion = 2.4.1;
			};
		};
		9F775B842D4C642000FA1FA6 /* XCRemoteSwiftPackageReference "SQLite.swift" */ = {
			isa = XCRemoteSwiftPackageReference;
			repositoryURL = "https://github.com/stephencelis/SQLite.swift.git";
			requirement = {
				kind = upToNextMajorVersion;
				minimumVersion = 0.15.3;
			};
		};
/* End XCRemoteSwiftPackageReference section */

/* Begin XCSwiftPackageProductDependency section */
		9F08A9592DEEE5C900D5EFEC /* MarkdownUI */ = {
			isa = XCSwiftPackageProductDependency;
			package = 9F08A9582DEEE5C900D5EFEC /* XCRemoteSwiftPackageReference "swift-markdown-ui" */;
			productName = MarkdownUI;
		};
		9F0A33242DF9C548000A83B2 /* Toasts */ = {
			isa = XCSwiftPackageProductDependency;
			package = 9F0A33222DF9C4CB000A83B2 /* XCRemoteSwiftPackageReference "swiftui-toasts" */;
			productName = Toasts;
		};
		9F63C8F02D49FB04001C2645 /* SQLite */ = {
			isa = XCSwiftPackageProductDependency;
			package = 9F63C8EF2D49FB04001C2645 /* XCRemoteSwiftPackageReference "SQLite.swift" */;
			productName = SQLite;
		};
		9F63C9F22D4B61EB001C2645 /* MarkdownUI */ = {
			isa = XCSwiftPackageProductDependency;
			package = 9F63C9F12D4B61EB001C2645 /* XCRemoteSwiftPackageReference "MarkdownUI" */;
			productName = MarkdownUI;
		};
		9F63CA4F2D4B7A46001C2645 /* MarkdownUI */ = {
			isa = XCSwiftPackageProductDependency;
			package = 9F63CA4E2D4B7A46001C2645 /* XCRemoteSwiftPackageReference "swift-markdown-ui" */;
			productName = MarkdownUI;
		};
		9F775B852D4C642000FA1FA6 /* SQLite */ = {
			isa = XCSwiftPackageProductDependency;
			package = 9F775B842D4C642000FA1FA6 /* XCRemoteSwiftPackageReference "SQLite.swift" */;
			productName = SQLite;
		};
		9F9DB9322DFA573A005A6CE5 /* MarkdownUI */ = {
			isa = XCSwiftPackageProductDependency;
			package = 9F08A9582DEEE5C900D5EFEC /* XCRemoteSwiftPackageReference "swift-markdown-ui" */;
			productName = MarkdownUI;
		};
/* End XCSwiftPackageProductDependency section */
	};
	rootObject = 9F63C8BB2D49F5C6001C2645 /* Project object */;
}
